// !$*UTF8*$!
{
	archiveVersion = 1;
	classes = {
	};
	objectVersion = 46;
	objects = {

/* Begin PBXBuildFile section */
		4D3DF31A1D64BFBB00C8B627 /* main.m in Sources */ = {isa = PBXBuildFile; fileRef = 4D3DF3191D64BFBB00C8B627 /* main.m */; };
		4D3DF31D1D64BFBB00C8B627 /* AppDelegate.m in Sources */ = {isa = PBXBuildFile; fileRef = 4D3DF31C1D64BFBB00C8B627 /* AppDelegate.m */; };
		4D3DF3201D64BFBB00C8B627 /* ViewController.m in Sources */ = {isa = PBXBuildFile; fileRef = 4D3DF31F1D64BFBB00C8B627 /* ViewController.m */; };
		4D3DF3231D64BFBB00C8B627 /* Main.storyboard in Resources */ = {isa = PBXBuildFile; fileRef = 4D3DF3211D64BFBB00C8B627 /* Main.storyboard */; };
		4D3DF3251D64BFBB00C8B627 /* Assets.xcassets in Resources */ = {isa = PBXBuildFile; fileRef = 4D3DF3241D64BFBB00C8B627 /* Assets.xcassets */; };
		4D3DF3281D64BFBB00C8B627 /* LaunchScreen.storyboard in Resources */ = {isa = PBXBuildFile; fileRef = 4D3DF3261D64BFBB00C8B627 /* LaunchScreen.storyboard */; };
		4D3DF3331D64BFBB00C8B627 /* ObjectiveCUnitTestDemoTests.m in Sources */ = {isa = PBXBuildFile; fileRef = 4D3DF3321D64BFBB00C8B627 /* ObjectiveCUnitTestDemoTests.m */; };
		4D3DF33E1D64C01400C8B627 /* EmailIdValidator.m in Sources */ = {isa = PBXBuildFile; fileRef = 4D3DF33D1D64C01400C8B627 /* EmailIdValidator.m */; };
		4D3DF33F1D64C01400C8B627 /* EmailIdValidator.m in Sources */ = {isa = PBXBuildFile; fileRef = 4D3DF33D1D64C01400C8B627 /* EmailIdValidator.m */; };
		4D3DF3601D64D8DA00C8B627 /* EmailIdValidatorTests.m in Sources */ = {isa = PBXBuildFile; fileRef = 4D3DF35F1D64D8DA00C8B627 /* EmailIdValidatorTests.m */; };
/* End PBXBuildFile section */

/* Begin PBXContainerItemProxy section */
		4D3DF32F1D64BFBB00C8B627 /* PBXContainerItemProxy */ = {
			isa = PBXContainerItemProxy;
			containerPortal = 4D3DF30D1D64BFBA00C8B627 /* Project object */;
			proxyType = 1;
			remoteGlobalIDString = 4D3DF3141D64BFBB00C8B627;
			remoteInfo = ObjectiveCUnitTestDemo;
		};
/* End PBXContainerItemProxy section */

/* Begin PBXFileReference section */
		4D3DF3151D64BFBB00C8B627 /* ObjectiveCUnitTestDemo.app */ = {isa = PBXFileReference; explicitFileType = wrapper.application; includeInIndex = 0; path = ObjectiveCUnitTestDemo.app; sourceTree = BUILT_PRODUCTS_DIR; };
		4D3DF3191D64BFBB00C8B627 /* main.m */ = {isa = PBXFileReference; lastKnownFileType = sourcecode.c.objc; path = main.m; sourceTree = "<group>"; };
		4D3DF31B1D64BFBB00C8B627 /* AppDelegate.h */ = {isa = PBXFileReference; lastKnownFileType = sourcecode.c.h; path = AppDelegate.h; sourceTree = "<group>"; };
		4D3DF31C1D64BFBB00C8B627 /* AppDelegate.m */ = {isa = PBXFileReference; lastKnownFileType = sourcecode.c.objc; path = AppDelegate.m; sourceTree = "<group>"; };
		4D3DF31E1D64BFBB00C8B627 /* ViewController.h */ = {isa = PBXFileReference; lastKnownFileType = sourcecode.c.h; path = ViewController.h; sourceTree = "<group>"; };
		4D3DF31F1D64BFBB00C8B627 /* ViewController.m */ = {isa = PBXFileReference; lastKnownFileType = sourcecode.c.objc; path = ViewController.m; sourceTree = "<group>"; };
		4D3DF3221D64BFBB00C8B627 /* Base */ = {isa = PBXFileReference; lastKnownFileType = file.storyboard; name = Base; path = Base.lproj/Main.storyboard; sourceTree = "<group>"; };
		4D3DF3241D64BFBB00C8B627 /* Assets.xcassets */ = {isa = PBXFileReference; lastKnownFileType = folder.assetcatalog; path = Assets.xcassets; sourceTree = "<group>"; };
		4D3DF3271D64BFBB00C8B627 /* Base */ = {isa = PBXFileReference; lastKnownFileType = file.storyboard; name = Base; path = Base.lproj/LaunchScreen.storyboard; sourceTree = "<group>"; };
		4D3DF3291D64BFBB00C8B627 /* Info.plist */ = {isa = PBXFileReference; lastKnownFileType = text.plist.xml; path = Info.plist; sourceTree = "<group>"; };
		4D3DF32E1D64BFBB00C8B627 /* ObjectiveCUnitTestDemoTests.xctest */ = {isa = PBXFileReference; explicitFileType = wrapper.cfbundle; includeInIndex = 0; path = ObjectiveCUnitTestDemoTests.xctest; sourceTree = BUILT_PRODUCTS_DIR; };
		4D3DF3321D64BFBB00C8B627 /* ObjectiveCUnitTestDemoTests.m */ = {isa = PBXFileReference; lastKnownFileType = sourcecode.c.objc; path = ObjectiveCUnitTestDemoTests.m; sourceTree = "<group>"; };
		4D3DF3341D64BFBB00C8B627 /* Info.plist */ = {isa = PBXFileReference; lastKnownFileType = text.plist.xml; path = Info.plist; sourceTree = "<group>"; };
		4D3DF33D1D64C01400C8B627 /* EmailIdValidator.m */ = {isa = PBXFileReference; fileEncoding = 4; lastKnownFileType = sourcecode.c.objc; path = EmailIdValidator.m; sourceTree = "<group>"; };
		4D3DF3401D64C54A00C8B627 /* EmailIdValidator.h */ = {isa = PBXFileReference; fileEncoding = 4; lastKnownFileType = sourcecode.c.h; path = EmailIdValidator.h; sourceTree = "<group>"; };
		4D3DF35F1D64D8DA00C8B627 /* EmailIdValidatorTests.m */ = {isa = PBXFileReference; fileEncoding = 4; lastKnownFileType = sourcecode.c.objc; path = EmailIdValidatorTests.m; sourceTree = "<group>"; };
/* End PBXFileReference section */

/* Begin PBXFrameworksBuildPhase section */
		4D3DF3121D64BFBB00C8B627 /* Frameworks */ = {
			isa = PBXFrameworksBuildPhase;
			buildActionMask = 2147483647;
			files = (
			);
			runOnlyForDeploymentPostprocessing = 0;
		};
		4D3DF32B1D64BFBB00C8B627 /* Frameworks */ = {
			isa = PBXFrameworksBuildPhase;
			buildActionMask = 2147483647;
			files = (
			);
			runOnlyForDeploymentPostprocessing = 0;
		};
/* End PBXFrameworksBuildPhase section */

/* Begin PBXGroup section */
		4D3DF30C1D64BFBA00C8B627 = {
			isa = PBXGroup;
			children = (
				4D3DF3171D64BFBB00C8B627 /* ObjectiveCUnitTestDemo */,
				4D3DF3311D64BFBB00C8B627 /* ObjectiveCUnitTestDemoTests */,
				4D3DF3161D64BFBB00C8B627 /* Products */,
			);
			sourceTree = "<group>";
		};
		4D3DF3161D64BFBB00C8B627 /* Products */ = {
			isa = PBXGroup;
			children = (
				4D3DF3151D64BFBB00C8B627 /* ObjectiveCUnitTestDemo.app */,
				4D3DF32E1D64BFBB00C8B627 /* ObjectiveCUnitTestDemoTests.xctest */,
			);
			name = Products;
			sourceTree = "<group>";
		};
		4D3DF3171D64BFBB00C8B627 /* ObjectiveCUnitTestDemo */ = {
			isa = PBXGroup;
			children = (
				4D3DF31B1D64BFBB00C8B627 /* AppDelegate.h */,
				4D3DF31C1D64BFBB00C8B627 /* AppDelegate.m */,
				4D3DF31E1D64BFBB00C8B627 /* ViewController.h */,
				4D3DF31F1D64BFBB00C8B627 /* ViewController.m */,
				4D3DF3401D64C54A00C8B627 /* EmailIdValidator.h */,
				4D3DF33D1D64C01400C8B627 /* EmailIdValidator.m */,
				4D3DF3211D64BFBB00C8B627 /* Main.storyboard */,
				4D3DF3241D64BFBB00C8B627 /* Assets.xcassets */,
				4D3DF3261D64BFBB00C8B627 /* LaunchScreen.storyboard */,
				4D3DF3291D64BFBB00C8B627 /* Info.plist */,
				4D3DF3181D64BFBB00C8B627 /* Supporting Files */,
			);
			path = ObjectiveCUnitTestDemo;
			sourceTree = "<group>";
		};
		4D3DF3181D64BFBB00C8B627 /* Supporting Files */ = {
			isa = PBXGroup;
			children = (
				4D3DF3191D64BFBB00C8B627 /* main.m */,
			);
			name = "Supporting Files";
			sourceTree = "<group>";
		};
		4D3DF3311D64BFBB00C8B627 /* ObjectiveCUnitTestDemoTests */ = {
			isa = PBXGroup;
			children = (
				4D3DF3321D64BFBB00C8B627 /* ObjectiveCUnitTestDemoTests.m */,
				4D3DF35F1D64D8DA00C8B627 /* EmailIdValidatorTests.m */,
				4D3DF3341D64BFBB00C8B627 /* Info.plist */,
			);
			path = ObjectiveCUnitTestDemoTests;
			sourceTree = "<group>";
		};
/* End PBXGroup section */

/* Begin PBXNativeTarget section */
		4D3DF3141D64BFBB00C8B627 /* ObjectiveCUnitTestDemo */ = {
			isa = PBXNativeTarget;
			buildConfigurationList = 4D3DF3371D64BFBB00C8B627 /* Build configuration list for PBXNativeTarget "ObjectiveCUnitTestDemo" */;
			buildPhases = (
				4D3DF3111D64BFBB00C8B627 /* Sources */,
				4D3DF3121D64BFBB00C8B627 /* Frameworks */,
				4D3DF3131D64BFBB00C8B627 /* Resources */,
			);
			buildRules = (
			);
			dependencies = (
			);
			name = ObjectiveCUnitTestDemo;
			productName = ObjectiveCUnitTestDemo;
			productReference = 4D3DF3151D64BFBB00C8B627 /* ObjectiveCUnitTestDemo.app */;
			productType = "com.apple.product-type.application";
		};
		4D3DF32D1D64BFBB00C8B627 /* ObjectiveCUnitTestDemoTests */ = {
			isa = PBXNativeTarget;
			buildConfigurationList = 4D3DF33A1D64BFBB00C8B627 /* Build configuration list for PBXNativeTarget "ObjectiveCUnitTestDemoTests" */;
			buildPhases = (
				4D3DF32A1D64BFBB00C8B627 /* Sources */,
				4D3DF32B1D64BFBB00C8B627 /* Frameworks */,
				4D3DF32C1D64BFBB00C8B627 /* Resources */,
			);
			buildRules = (
			);
			dependencies = (
				4D3DF3301D64BFBB00C8B627 /* PBXTargetDependency */,
			);
			name = ObjectiveCUnitTestDemoTests;
			productName = ObjectiveCUnitTestDemoTests;
			productReference = 4D3DF32E1D64BFBB00C8B627 /* ObjectiveCUnitTestDemoTests.xctest */;
			productType = "com.apple.product-type.bundle.unit-test";
		};
/* End PBXNativeTarget section */

/* Begin PBXProject section */
		4D3DF30D1D64BFBA00C8B627 /* Project object */ = {
			isa = PBXProject;
			attributes = {
				LastUpgradeCheck = 0730;
				ORGANIZATIONNAME = Mausam;
				TargetAttributes = {
					4D3DF3141D64BFBB00C8B627 = {
						CreatedOnToolsVersion = 7.3.1;
					};
					4D3DF32D1D64BFBB00C8B627 = {
						CreatedOnToolsVersion = 7.3.1;
						DevelopmentTeam = 23854N7J5F;
						TestTargetID = 4D3DF3141D64BFBB00C8B627;
					};
				};
			};
			buildConfigurationList = 4D3DF3101D64BFBA00C8B627 /* Build configuration list for PBXProject "ObjectiveCUnitTestDemo" */;
			compatibilityVersion = "Xcode 3.2";
			developmentRegion = English;
			hasScannedForEncodings = 0;
			knownRegions = (
				en,
				Base,
			);
			mainGroup = 4D3DF30C1D64BFBA00C8B627;
			productRefGroup = 4D3DF3161D64BFBB00C8B627 /* Products */;
			projectDirPath = "";
			projectRoot = "";
			targets = (
				4D3DF3141D64BFBB00C8B627 /* ObjectiveCUnitTestDemo */,
				4D3DF32D1D64BFBB00C8B627 /* ObjectiveCUnitTestDemoTests */,
			);
		};
/* End PBXProject section */

/* Begin PBXResourcesBuildPhase section */
		4D3DF3131D64BFBB00C8B627 /* Resources */ = {
			isa = PBXResourcesBuildPhase;
			buildActionMask = 2147483647;
			files = (
				4D3DF3281D64BFBB00C8B627 /* LaunchScreen.storyboard in Resources */,
				4D3DF3251D64BFBB00C8B627 /* Assets.xcassets in Resources */,
				4D3DF3231D64BFBB00C8B627 /* Main.storyboard in Resources */,
			);
			runOnlyForDeploymentPostprocessing = 0;
		};
		4D3DF32C1D64BFBB00C8B627 /* Resources */ = {
			isa = PBXResourcesBuildPhase;
			buildActionMask = 2147483647;
			files = (
			);
			runOnlyForDeploymentPostprocessing = 0;
		};
/* End PBXResourcesBuildPhase section */

/* Begin PBXSourcesBuildPhase section */
		4D3DF3111D64BFBB00C8B627 /* Sources */ = {
			isa = PBXSourcesBuildPhase;
			buildActionMask = 2147483647;
			files = (
				4D3DF33E1D64C01400C8B627 /* EmailIdValidator.m in Sources */,
				4D3DF3201D64BFBB00C8B627 /* ViewController.m in Sources */,
				4D3DF31D1D64BFBB00C8B627 /* AppDelegate.m in Sources */,
				4D3DF31A1D64BFBB00C8B627 /* main.m in Sources */,
			);
			runOnlyForDeploymentPostprocessing = 0;
		};
		4D3DF32A1D64BFBB00C8B627 /* Sources */ = {
			isa = PBXSourcesBuildPhase;
			buildActionMask = 2147483647;
			files = (
				4D3DF3601D64D8DA00C8B627 /* EmailIdValidatorTests.m in Sources */,
				4D3DF33F1D64C01400C8B627 /* EmailIdValidator.m in Sources */,
				4D3DF3331D64BFBB00C8B627 /* ObjectiveCUnitTestDemoTests.m in Sources */,
			);
			runOnlyForDeploymentPostprocessing = 0;
		};
/* End PBXSourcesBuildPhase section */

/* Begin PBXTargetDependency section */
		4D3DF3301D64BFBB00C8B627 /* PBXTargetDependency */ = {
			isa = PBXTargetDependency;
			target = 4D3DF3141D64BFBB00C8B627 /* ObjectiveCUnitTestDemo */;
			targetProxy = 4D3DF32F1D64BFBB00C8B627 /* PBXContainerItemProxy */;
		};
/* End PBXTargetDependency section */

/* Begin PBXVariantGroup section */
		4D3DF3211D64BFBB00C8B627 /* Main.storyboard */ = {
			isa = PBXVariantGroup;
			children = (
				4D3DF3221D64BFBB00C8B627 /* Base */,
			);
			name = Main.storyboard;
			sourceTree = "<group>";
		};
		4D3DF3261D64BFBB00C8B627 /* LaunchScreen.storyboard */ = {
			isa = PBXVariantGroup;
			children = (
				4D3DF3271D64BFBB00C8B627 /* Base */,
			);
			name = LaunchScreen.storyboard;
			sourceTree = "<group>";
		};
/* End PBXVariantGroup section */

/* Begin XCBuildConfiguration section */
		4D3DF3351D64BFBB00C8B627 /* Debug */ = {
			isa = XCBuildConfiguration;
			buildSettings = {
				ALWAYS_SEARCH_USER_PATHS = NO;
				CLANG_ANALYZER_NONNULL = YES;
				CLANG_CXX_LANGUAGE_STANDARD = "gnu++0x";
				CLANG_CXX_LIBRARY = "libc++";
				CLANG_ENABLE_MODULES = YES;
				CLANG_ENABLE_OBJC_ARC = YES;
				CLANG_WARN_BOOL_CONVERSION = YES;
				CLANG_WARN_CONSTANT_CONVERSION = YES;
				CLANG_WARN_DIRECT_OBJC_ISA_USAGE = YES_ERROR;
				CLANG_WARN_EMPTY_BODY = YES;
				CLANG_WARN_ENUM_CONVERSION = YES;
				CLANG_WARN_INT_CONVERSION = YES;
				CLANG_WARN_OBJC_ROOT_CLASS = YES_ERROR;
				CLANG_WARN_UNREACHABLE_CODE = YES;
				CLANG_WARN__DUPLICATE_METHOD_MATCH = YES;
				"CODE_SIGN_IDENTITY[sdk=iphoneos*]" = "iPhone Developer";
				COPY_PHASE_STRIP = NO;
				DEBUG_INFORMATION_FORMAT = dwarf;
				ENABLE_STRICT_OBJC_MSGSEND = YES;
				ENABLE_TESTABILITY = YES;
				GCC_C_LANGUAGE_STANDARD = gnu99;
				GCC_DYNAMIC_NO_PIC = NO;
				GCC_NO_COMMON_BLOCKS = YES;
				GCC_OPTIMIZATION_LEVEL = 0;
				GCC_PREPROCESSOR_DEFINITIONS = (
					"DEBUG=1",
					"$(inherited)",
				);
				GCC_WARN_64_TO_32_BIT_CONVERSION = YES;
				GCC_WARN_ABOUT_RETURN_TYPE = YES_ERROR;
				GCC_WARN_UNDECLARED_SELECTOR = YES;
				GCC_WARN_UNINITIALIZED_AUTOS = YES_AGGRESSIVE;
				GCC_WARN_UNUSED_FUNCTION = YES;
				GCC_WARN_UNUSED_VARIABLE = YES;
				IPHONEOS_DEPLOYMENT_TARGET = 9.3;
				MTL_ENABLE_DEBUG_INFO = YES;
				ONLY_ACTIVE_ARCH = YES;
				SDKROOT = iphoneos;
				TARGETED_DEVICE_FAMILY = "1,2";
			};
			name = Debug;
		};
		4D3DF3361D64BFBB00C8B627 /* Release */ = {
			isa = XCBuildConfiguration;
			buildSettings = {
				ALWAYS_SEARCH_USER_PATHS = NO;
				CLANG_ANALYZER_NONNULL = YES;
				CLANG_CXX_LANGUAGE_STANDARD = "gnu++0x";
				CLANG_CXX_LIBRARY = "libc++";
				CLANG_ENABLE_MODULES = YES;
				CLANG_ENABLE_OBJC_ARC = YES;
				CLANG_WARN_BOOL_CONVERSION = YES;
				CLANG_WARN_CONSTANT_CONVERSION = YES;
				CLANG_WARN_DIRECT_OBJC_ISA_USAGE = YES_ERROR;
				CLANG_WARN_EMPTY_BODY = YES;
				CLANG_WARN_ENUM_CONVERSION = YES;
				CLANG_WARN_INT_CONVERSION = YES;
				CLANG_WARN_OBJC_ROOT_CLASS = YES_ERROR;
				CLANG_WARN_UNREACHABLE_CODE = YES;
				CLANG_WARN__DUPLICATE_METHOD_MATCH = YES;
				"CODE_SIGN_IDENTITY[sdk=iphoneos*]" = "iPhone Developer";
				COPY_PHASE_STRIP = NO;
				DEBUG_INFORMATION_FORMAT = "dwarf-with-dsym";
				ENABLE_NS_ASSERTIONS = NO;
				ENABLE_STRICT_OBJC_MSGSEND = YES;
				GCC_C_LANGUAGE_STANDARD = gnu99;
				GCC_NO_COMMON_BLOCKS = YES;
				GCC_WARN_64_TO_32_BIT_CONVERSION = YES;
				GCC_WARN_ABOUT_RETURN_TYPE = YES_ERROR;
				GCC_WARN_UNDECLARED_SELECTOR = YES;
				GCC_WARN_UNINITIALIZED_AUTOS = YES_AGGRESSIVE;
				GCC_WARN_UNUSED_FUNCTION = YES;
				GCC_WARN_UNUSED_VARIABLE = YES;
				IPHONEOS_DEPLOYMENT_TARGET = 9.3;
				MTL_ENABLE_DEBUG_INFO = NO;
				SDKROOT = iphoneos;
				TARGETED_DEVICE_FAMILY = "1,2";
				VALIDATE_PRODUCT = YES;
			};
			name = Release;
		};
		4D3DF3381D64BFBB00C8B627 /* Debug */ = {
			isa = XCBuildConfiguration;
			buildSettings = {
				ASSETCATALOG_COMPILER_APPICON_NAME = AppIcon;
				CODE_SIGN_IDENTITY = "iPhone Developer";
				INFOPLIST_FILE = ObjectiveCUnitTestDemo/Info.plist;
				LD_RUNPATH_SEARCH_PATHS = "$(inherited) @executable_path/Frameworks";
				PRODUCT_BUNDLE_IDENTIFIER = com.example.mausam.ObjectiveCUnitTestDemo;
				PRODUCT_NAME = "$(TARGET_NAME)";
			};
			name = Debug;
		};
		4D3DF3391D64BFBB00C8B627 /* Release */ = {
			isa = XCBuildConfiguration;
			buildSettings = {
				ASSETCATALOG_COMPILER_APPICON_NAME = AppIcon;
				CODE_SIGN_IDENTITY = "iPhone Developer";
				INFOPLIST_FILE = ObjectiveCUnitTestDemo/Info.plist;
				LD_RUNPATH_SEARCH_PATHS = "$(inherited) @executable_path/Frameworks";
				PRODUCT_BUNDLE_IDENTIFIER = com.example.mausam.ObjectiveCUnitTestDemo;
				PRODUCT_NAME = "$(TARGET_NAME)";
			};
			name = Release;
		};
		4D3DF33B1D64BFBB00C8B627 /* Debug */ = {
			isa = XCBuildConfiguration;
			buildSettings = {
				BUNDLE_LOADER = "$(TEST_HOST)";
				INFOPLIST_FILE = ObjectiveCUnitTestDemoTests/Info.plist;
				LD_RUNPATH_SEARCH_PATHS = "$(inherited) @executable_path/Frameworks @loader_path/Frameworks";
				PRODUCT_BUNDLE_IDENTIFIER = com.example.mausam.ObjectiveCUnitTestDemoTests;
				PRODUCT_NAME = "$(TARGET_NAME)";
				TEST_HOST = "$(BUILT_PRODUCTS_DIR)/ObjectiveCUnitTestDemo.app/ObjectiveCUnitTestDemo";
			};
			name = Debug;
		};
		4D3DF33C1D64BFBB00C8B627 /* Release */ = {
			isa = XCBuildConfiguration;
			buildSettings = {
				BUNDLE_LOADER = "$(TEST_HOST)";
				INFOPLIST_FILE = ObjectiveCUnitTestDemoTests/Info.plist;
				LD_RUNPATH_SEARCH_PATHS = "$(inherited) @executable_path/Frameworks @loader_path/Frameworks";
				PRODUCT_BUNDLE_IDENTIFIER = com.example.mausam.ObjectiveCUnitTestDemoTests;
				PRODUCT_NAME = "$(TARGET_NAME)";
				TEST_HOST = "$(BUILT_PRODUCTS_DIR)/ObjectiveCUnitTestDemo.app/ObjectiveCUnitTestDemo";
			};
			name = Release;
		};
/* End XCBuildConfiguration section */

/* Begin XCConfigurationList section */
		4D3DF3101D64BFBA00C8B627 /* Build configuration list for PBXProject "ObjectiveCUnitTestDemo" */ = {
			isa = XCConfigurationList;
			buildConfigurations = (
				4D3DF3351D64BFBB00C8B627 /* Debug */,
				4D3DF3361D64BFBB00C8B627 /* Release */,
			);
			defaultConfigurationIsVisible = 0;
			defaultConfigurationName = Release;
		};
		4D3DF3371D64BFBB00C8B627 /* Build configuration list for PBXNativeTarget "ObjectiveCUnitTestDemo" */ = {
			isa = XCConfigurationList;
			buildConfigurations = (
				4D3DF3381D64BFBB00C8B627 /* Debug */,
				4D3DF3391D64BFBB00C8B627 /* Release */,
			);
			defaultConfigurationIsVisible = 0;
		};
		4D3DF33A1D64BFBB00C8B627 /* Build configuration list for PBXNativeTarget "ObjectiveCUnitTestDemoTests" */ = {
			isa = XCConfigurationList;
			buildConfigurations = (
				4D3DF33B1D64BFBB00C8B627 /* Debug */,
				4D3DF33C1D64BFBB00C8B627 /* Release */,
			);
			defaultConfigurationIsVisible = 0;
		};
/* End XCConfigurationList section */
	};
	rootObject = 4D3DF30D1D64BFBA00C8B627 /* Project object */;
}
